
Microsoft Visual Studio Solution File, Format Version 12.00
# Visual Studio 14
VisualStudioVersion = 14.0.25420.1
MinimumVisualStudioVersion = 10.0.40219.1
Project("{FAE04EC0-301F-11D3-BF4B-00C04F79EFBC}") = "Teqways_Com_CarRentManagementSystem", "Teqways_Com_CarRentManagementSystem\Teqways_Com_CarRentManagementSystem.csproj", "{D375DA8D-35C3-45E7-B361-8AB22FD98B4B}"
EndProject
Project("{FAE04EC0-301F-11D3-BF4B-00C04F79EFBC}") = "CarRentManagementSystem_DAL", "CarRentManagementSystem_DAL\CarRentManagementSystem_DAL.csproj", "{1E4F62D7-68D2-497B-AD26-5E17FB7F01A9}"
EndProject
Project("{FAE04EC0-301F-11D3-BF4B-00C04F79EFBC}") = "CarRentManagementSystem_DomainClasses", "CarRentManagementSystem_DomainClasses\CarRentManagementSystem_DomainClasses.csproj", "{94BF367B-D901-4B26-B619-B031C14A88BF}"
EndProject
Global
	GlobalSection(SolutionConfigurationPlatforms) = preSolution
		Debug|Any CPU = Debug|Any CPU
		Release|Any CPU = Release|Any CPU
	EndGlobalSection
	GlobalSection(ProjectConfigurationPlatforms) = postSolution
		{D375DA8D-35C3-45E7-B361-8AB22FD98B4B}.Debug|Any CPU.ActiveCfg = Debug|Any CPU
		{D375DA8D-35C3-45E7-B361-8AB22FD98B4B}.Debug|Any CPU.Build.0 = Debug|Any CPU
		{D375DA8D-35C3-45E7-B361-8AB22FD98B4B}.Release|Any CPU.ActiveCfg = Release|Any CPU
		{D375DA8D-35C3-45E7-B361-8AB22FD98B4B}.Release|Any CPU.Build.0 = Release|Any CPU
		{1E4F62D7-68D2-497B-AD26-5E17FB7F01A9}.Debug|Any CPU.ActiveCfg = Debug|Any CPU
		{1E4F62D7-68D2-497B-AD26-5E17FB7F01A9}.Debug|Any CPU.Build.0 = Debug|Any CPU
		{1E4F62D7-68D2-497B-AD26-5E17FB7F01A9}.Release|Any CPU.ActiveCfg = Release|Any CPU
		{1E4F62D7-68D2-497B-AD26-5E17FB7F01A9}.Release|Any CPU.Build.0 = Release|Any CPU
		{94BF367B-D901-4B26-B619-B031C14A88BF}.Debug|Any CPU.ActiveCfg = Debug|Any CPU
		{94BF367B-D901-4B26-B619-B031C14A88BF}.Debug|Any CPU.Build.0 = Debug|Any CPU
		{94BF367B-D901-4B26-B619-B031C14A88BF}.Release|Any CPU.ActiveCfg = Release|Any CPU
		{94BF367B-D901-4B26-B619-B031C14A88BF}.Release|Any CPU.Build.0 = Release|Any CPU
	EndGlobalSection
	GlobalSection(SolutionProperties) = preSolution
		HideSolutionNode = FALSE
	EndGlobalSection
EndGlobal
